
Microsoft Visual Studio Solution File, Format Version 12.00
# Visual Studio Version 16
VisualStudioVersion = 16.0.32002.261
MinimumVisualStudioVersion = 10.0.40219.1
Project("{FAE04EC0-301F-11D3-BF4B-00C04F79EFBC}") = "SmallBrowser_01", "SmallBrowser_01\SmallBrowser_01.csproj", "{99E44767-9C6D-4108-BFA9-646141D06107}"
EndProject
Project("{FAE04EC0-301F-11D3-BF4B-00C04F79EFBC}") = "HTML_Explorer", "HTML_Explorer\HTML_Explorer.csproj", "{A9BAFB7A-EA98-41C3-9326-4F12A96C5E8D}"
EndProject
Project("{FAE04EC0-301F-11D3-BF4B-00C04F79EFBC}") = "ListToTextBox", "ListToTextBox\ListToTextBox.csproj", "{DF809E39-9DCE-4891-A03A-A1BF7936CA3C}"
EndProject
Global
	GlobalSection(SolutionConfigurationPlatforms) = preSolution
		Debug|Any CPU = Debug|Any CPU
		Release|Any CPU = Release|Any CPU
	EndGlobalSection
	GlobalSection(ProjectConfigurationPlatforms) = postSolution
		{99E44767-9C6D-4108-BFA9-646141D06107}.Debug|Any CPU.ActiveCfg = Debug|Any CPU
		{99E44767-9C6D-4108-BFA9-646141D06107}.Debug|Any CPU.Build.0 = Debug|Any CPU
		{99E44767-9C6D-4108-BFA9-646141D06107}.Release|Any CPU.ActiveCfg = Release|Any CPU
		{99E44767-9C6D-4108-BFA9-646141D06107}.Release|Any CPU.Build.0 = Release|Any CPU
		{A9BAFB7A-EA98-41C3-9326-4F12A96C5E8D}.Debug|Any CPU.ActiveCfg = Debug|Any CPU
		{A9BAFB7A-EA98-41C3-9326-4F12A96C5E8D}.Debug|Any CPU.Build.0 = Debug|Any CPU
		{A9BAFB7A-EA98-41C3-9326-4F12A96C5E8D}.Release|Any CPU.ActiveCfg = Release|Any CPU
		{A9BAFB7A-EA98-41C3-9326-4F12A96C5E8D}.Release|Any CPU.Build.0 = Release|Any CPU
		{DF809E39-9DCE-4891-A03A-A1BF7936CA3C}.Debug|Any CPU.ActiveCfg = Debug|Any CPU
		{DF809E39-9DCE-4891-A03A-A1BF7936CA3C}.Debug|Any CPU.Build.0 = Debug|Any CPU
		{DF809E39-9DCE-4891-A03A-A1BF7936CA3C}.Release|Any CPU.ActiveCfg = Release|Any CPU
		{DF809E39-9DCE-4891-A03A-A1BF7936CA3C}.Release|Any CPU.Build.0 = Release|Any CPU
	EndGlobalSection
	GlobalSection(SolutionProperties) = preSolution
		HideSolutionNode = FALSE
	EndGlobalSection
	GlobalSection(ExtensibilityGlobals) = postSolution
		SolutionGuid = {AA3EEE72-B2B0-4536-8E61-41B1B00EB2D3}
	EndGlobalSection
EndGlobal
